
Microsoft Visual Studio Solution File, Format Version 12.00
# Visual Studio Version 17
VisualStudioVersion = 17.5.002.0
MinimumVisualStudioVersion = 10.0.40219.1
Project("{9A19103F-16F7-4668-BE54-9A1E7A4F7556}") = "01", "01\01.csproj", "{9D7D8481-0BD7-45B2-88FB-581C95BCC577}"
EndProject
Project("{2150E333-8FDC-42A3-9474-1A3956D46DE8}") = "tests", "tests", "{4CD51503-E0F0-4AED-8B07-4833EFA06731}"
EndProject
Project("{FAE04EC0-301F-11D3-BF4B-00C04F79EFBC}") = "02-test", "tests\02-test\02-test.csproj", "{771D9834-69E9-422B-84D5-0C46CDF1AA2C}"
EndProject
Project("{FAE04EC0-301F-11D3-BF4B-00C04F79EFBC}") = "02", "02\02.csproj", "{FC12544A-DC42-4C67-B70C-38EF13792D0B}"
EndProject
Project("{FAE04EC0-301F-11D3-BF4B-00C04F79EFBC}") = "03", "03\03.csproj", "{95CB0917-4C0B-497C-90CA-8CE8751DB065}"
EndProject
Project("{FAE04EC0-301F-11D3-BF4B-00C04F79EFBC}") = "03-test", "tests\03-test\03-test.csproj", "{D8006CFC-5119-428C-BB9A-72EC57973937}"
EndProject
Project("{FAE04EC0-301F-11D3-BF4B-00C04F79EFBC}") = "04", "04\04.csproj", "{F0E9916F-580A-45F4-8535-6651189E9F6E}"
EndProject
Project("{FAE04EC0-301F-11D3-BF4B-00C04F79EFBC}") = "04-test", "tests\04-test\04-test.csproj", "{C2F106BB-341B-4A79-8AD3-E6304880410B}"
EndProject
Project("{FAE04EC0-301F-11D3-BF4B-00C04F79EFBC}") = "05", "05\05.csproj", "{9CC062ED-9CD5-41E1-8AF8-134F7965EB12}"
EndProject
Project("{FAE04EC0-301F-11D3-BF4B-00C04F79EFBC}") = "05-test", "tests\05-test\05-test.csproj", "{D01A1DC2-886A-4535-83DD-9A9F15BBDEB7}"
EndProject
Project("{FAE04EC0-301F-11D3-BF4B-00C04F79EFBC}") = "06", "06\06.csproj", "{283556DF-CEF6-4B3E-AFD4-DB7A4FB48F33}"
EndProject
Project("{FAE04EC0-301F-11D3-BF4B-00C04F79EFBC}") = "06-test", "tests\06-test\06-test.csproj", "{0F87BFA2-876E-40FB-BFF0-2D15822D332F}"
EndProject
Project("{FAE04EC0-301F-11D3-BF4B-00C04F79EFBC}") = "07", "07\07.csproj", "{D8B8D792-D094-4AFA-8BB1-B8A8A380A7EB}"
EndProject
Project("{FAE04EC0-301F-11D3-BF4B-00C04F79EFBC}") = "07-test", "tests\07-test\07-test.csproj", "{33E9F73D-9B32-4D5D-B4E0-24A7736A48C3}"
EndProject
Project("{FAE04EC0-301F-11D3-BF4B-00C04F79EFBC}") = "08-test", "tests\08-test\08-test.csproj", "{D578A6A9-EB93-4CCE-9661-C4A41AE42C64}"
EndProject
Project("{FAE04EC0-301F-11D3-BF4B-00C04F79EFBC}") = "09-test", "tests\09-test\09-test.csproj", "{A5D72C20-7787-4FCF-8B76-AD7EB4349F7C}"
EndProject
Project("{FAE04EC0-301F-11D3-BF4B-00C04F79EFBC}") = "10-test", "tests\10-test\10-test.csproj", "{A061EC4C-C350-426B-90E9-3DB38514EBF0}"
EndProject
Global
	GlobalSection(SolutionConfigurationPlatforms) = preSolution
		Debug|Any CPU = Debug|Any CPU
		Release|Any CPU = Release|Any CPU
	EndGlobalSection
	GlobalSection(ProjectConfigurationPlatforms) = postSolution
		{9D7D8481-0BD7-45B2-88FB-581C95BCC577}.Debug|Any CPU.ActiveCfg = Debug|Any CPU
		{9D7D8481-0BD7-45B2-88FB-581C95BCC577}.Debug|Any CPU.Build.0 = Debug|Any CPU
		{9D7D8481-0BD7-45B2-88FB-581C95BCC577}.Release|Any CPU.ActiveCfg = Release|Any CPU
		{9D7D8481-0BD7-45B2-88FB-581C95BCC577}.Release|Any CPU.Build.0 = Release|Any CPU
		{771D9834-69E9-422B-84D5-0C46CDF1AA2C}.Debug|Any CPU.ActiveCfg = Debug|Any CPU
		{771D9834-69E9-422B-84D5-0C46CDF1AA2C}.Debug|Any CPU.Build.0 = Debug|Any CPU
		{771D9834-69E9-422B-84D5-0C46CDF1AA2C}.Release|Any CPU.ActiveCfg = Release|Any CPU
		{771D9834-69E9-422B-84D5-0C46CDF1AA2C}.Release|Any CPU.Build.0 = Release|Any CPU
		{FC12544A-DC42-4C67-B70C-38EF13792D0B}.Debug|Any CPU.ActiveCfg = Debug|Any CPU
		{FC12544A-DC42-4C67-B70C-38EF13792D0B}.Debug|Any CPU.Build.0 = Debug|Any CPU
		{FC12544A-DC42-4C67-B70C-38EF13792D0B}.Release|Any CPU.ActiveCfg = Release|Any CPU
		{FC12544A-DC42-4C67-B70C-38EF13792D0B}.Release|Any CPU.Build.0 = Release|Any CPU
		{95CB0917-4C0B-497C-90CA-8CE8751DB065}.Debug|Any CPU.ActiveCfg = Debug|Any CPU
		{95CB0917-4C0B-497C-90CA-8CE8751DB065}.Debug|Any CPU.Build.0 = Debug|Any CPU
		{95CB0917-4C0B-497C-90CA-8CE8751DB065}.Release|Any CPU.ActiveCfg = Release|Any CPU
		{95CB0917-4C0B-497C-90CA-8CE8751DB065}.Release|Any CPU.Build.0 = Release|Any CPU
		{D8006CFC-5119-428C-BB9A-72EC57973937}.Debug|Any CPU.ActiveCfg = Debug|Any CPU
		{D8006CFC-5119-428C-BB9A-72EC57973937}.Debug|Any CPU.Build.0 = Debug|Any CPU
		{D8006CFC-5119-428C-BB9A-72EC57973937}.Release|Any CPU.ActiveCfg = Release|Any CPU
		{D8006CFC-5119-428C-BB9A-72EC57973937}.Release|Any CPU.Build.0 = Release|Any CPU
		{F0E9916F-580A-45F4-8535-6651189E9F6E}.Debug|Any CPU.ActiveCfg = Debug|Any CPU
		{F0E9916F-580A-45F4-8535-6651189E9F6E}.Debug|Any CPU.Build.0 = Debug|Any CPU
		{F0E9916F-580A-45F4-8535-6651189E9F6E}.Release|Any CPU.ActiveCfg = Release|Any CPU
		{F0E9916F-580A-45F4-8535-6651189E9F6E}.Release|Any CPU.Build.0 = Release|Any CPU
		{C2F106BB-341B-4A79-8AD3-E6304880410B}.Debug|Any CPU.ActiveCfg = Debug|Any CPU
		{C2F106BB-341B-4A79-8AD3-E6304880410B}.Debug|Any CPU.Build.0 = Debug|Any CPU
		{C2F106BB-341B-4A79-8AD3-E6304880410B}.Release|Any CPU.ActiveCfg = Release|Any CPU
		{C2F106BB-341B-4A79-8AD3-E6304880410B}.Release|Any CPU.Build.0 = Release|Any CPU
		{9CC062ED-9CD5-41E1-8AF8-134F7965EB12}.Debug|Any CPU.ActiveCfg = Debug|Any CPU
		{9CC062ED-9CD5-41E1-8AF8-134F7965EB12}.Debug|Any CPU.Build.0 = Debug|Any CPU
		{9CC062ED-9CD5-41E1-8AF8-134F7965EB12}.Release|Any CPU.ActiveCfg = Release|Any CPU
		{9CC062ED-9CD5-41E1-8AF8-134F7965EB12}.Release|Any CPU.Build.0 = Release|Any CPU
		{D01A1DC2-886A-4535-83DD-9A9F15BBDEB7}.Debug|Any CPU.ActiveCfg = Debug|Any CPU
		{D01A1DC2-886A-4535-83DD-9A9F15BBDEB7}.Debug|Any CPU.Build.0 = Debug|Any CPU
		{D01A1DC2-886A-4535-83DD-9A9F15BBDEB7}.Release|Any CPU.ActiveCfg = Release|Any CPU
		{D01A1DC2-886A-4535-83DD-9A9F15BBDEB7}.Release|Any CPU.Build.0 = Release|Any CPU
		{283556DF-CEF6-4B3E-AFD4-DB7A4FB48F33}.Debug|Any CPU.ActiveCfg = Debug|Any CPU
		{283556DF-CEF6-4B3E-AFD4-DB7A4FB48F33}.Debug|Any CPU.Build.0 = Debug|Any CPU
		{283556DF-CEF6-4B3E-AFD4-DB7A4FB48F33}.Release|Any CPU.ActiveCfg = Release|Any CPU
		{283556DF-CEF6-4B3E-AFD4-DB7A4FB48F33}.Release|Any CPU.Build.0 = Release|Any CPU
		{0F87BFA2-876E-40FB-BFF0-2D15822D332F}.Debug|Any CPU.ActiveCfg = Debug|Any CPU
		{0F87BFA2-876E-40FB-BFF0-2D15822D332F}.Debug|Any CPU.Build.0 = Debug|Any CPU
		{0F87BFA2-876E-40FB-BFF0-2D15822D332F}.Release|Any CPU.ActiveCfg = Release|Any CPU
		{0F87BFA2-876E-40FB-BFF0-2D15822D332F}.Release|Any CPU.Build.0 = Release|Any CPU
		{D8B8D792-D094-4AFA-8BB1-B8A8A380A7EB}.Debug|Any CPU.ActiveCfg = Debug|Any CPU
		{D8B8D792-D094-4AFA-8BB1-B8A8A380A7EB}.Debug|Any CPU.Build.0 = Debug|Any CPU
		{D8B8D792-D094-4AFA-8BB1-B8A8A380A7EB}.Release|Any CPU.ActiveCfg = Release|Any CPU
		{D8B8D792-D094-4AFA-8BB1-B8A8A380A7EB}.Release|Any CPU.Build.0 = Release|Any CPU
		{33E9F73D-9B32-4D5D-B4E0-24A7736A48C3}.Debug|Any CPU.ActiveCfg = Debug|Any CPU
		{33E9F73D-9B32-4D5D-B4E0-24A7736A48C3}.Debug|Any CPU.Build.0 = Debug|Any CPU
		{33E9F73D-9B32-4D5D-B4E0-24A7736A48C3}.Release|Any CPU.ActiveCfg = Release|Any CPU
		{33E9F73D-9B32-4D5D-B4E0-24A7736A48C3}.Release|Any CPU.Build.0 = Release|Any CPU
		{D578A6A9-EB93-4CCE-9661-C4A41AE42C64}.Debug|Any CPU.ActiveCfg = Debug|Any CPU
		{D578A6A9-EB93-4CCE-9661-C4A41AE42C64}.Debug|Any CPU.Build.0 = Debug|Any CPU
		{D578A6A9-EB93-4CCE-9661-C4A41AE42C64}.Release|Any CPU.ActiveCfg = Release|Any CPU
		{D578A6A9-EB93-4CCE-9661-C4A41AE42C64}.Release|Any CPU.Build.0 = Release|Any CPU
		{A5D72C20-7787-4FCF-8B76-AD7EB4349F7C}.Debug|Any CPU.ActiveCfg = Debug|Any CPU
		{A5D72C20-7787-4FCF-8B76-AD7EB4349F7C}.Debug|Any CPU.Build.0 = Debug|Any CPU
		{A5D72C20-7787-4FCF-8B76-AD7EB4349F7C}.Release|Any CPU.ActiveCfg = Release|Any CPU
		{A5D72C20-7787-4FCF-8B76-AD7EB4349F7C}.Release|Any CPU.Build.0 = Release|Any CPU
		{A061EC4C-C350-426B-90E9-3DB38514EBF0}.Debug|Any CPU.ActiveCfg = Debug|Any CPU
		{A061EC4C-C350-426B-90E9-3DB38514EBF0}.Debug|Any CPU.Build.0 = Debug|Any CPU
		{A061EC4C-C350-426B-90E9-3DB38514EBF0}.Release|Any CPU.ActiveCfg = Release|Any CPU
		{A061EC4C-C350-426B-90E9-3DB38514EBF0}.Release|Any CPU.Build.0 = Release|Any CPU
	EndGlobalSection
	GlobalSection(SolutionProperties) = preSolution
		HideSolutionNode = FALSE
	EndGlobalSection
	GlobalSection(ExtensibilityGlobals) = postSolution
		SolutionGuid = {B01D4764-C11D-42DC-99EF-5D2656F70422}
	EndGlobalSection
	GlobalSection(NestedProjects) = preSolution
		{771D9834-69E9-422B-84D5-0C46CDF1AA2C} = {4CD51503-E0F0-4AED-8B07-4833EFA06731}
		{D8006CFC-5119-428C-BB9A-72EC57973937} = {4CD51503-E0F0-4AED-8B07-4833EFA06731}
		{C2F106BB-341B-4A79-8AD3-E6304880410B} = {4CD51503-E0F0-4AED-8B07-4833EFA06731}
		{D01A1DC2-886A-4535-83DD-9A9F15BBDEB7} = {4CD51503-E0F0-4AED-8B07-4833EFA06731}
		{0F87BFA2-876E-40FB-BFF0-2D15822D332F} = {4CD51503-E0F0-4AED-8B07-4833EFA06731}
		{33E9F73D-9B32-4D5D-B4E0-24A7736A48C3} = {4CD51503-E0F0-4AED-8B07-4833EFA06731}
		{D578A6A9-EB93-4CCE-9661-C4A41AE42C64} = {4CD51503-E0F0-4AED-8B07-4833EFA06731}
		{A5D72C20-7787-4FCF-8B76-AD7EB4349F7C} = {4CD51503-E0F0-4AED-8B07-4833EFA06731}
		{A061EC4C-C350-426B-90E9-3DB38514EBF0} = {4CD51503-E0F0-4AED-8B07-4833EFA06731}
	EndGlobalSection
EndGlobal
